// !$*UTF8*$!
{
	archiveVersion = 1;
	classes = {
	};
	objectVersion = 48;
	objects = {

/* Begin PBXBuildFile section */
		3B30059A2010417F001D4716 /* AppDelegate.swift in Sources */ = {isa = PBXBuildFile; fileRef = 3B3005992010417F001D4716 /* AppDelegate.swift */; };
		3B30059C2010417F001D4716 /* ViewController.swift in Sources */ = {isa = PBXBuildFile; fileRef = 3B30059B2010417F001D4716 /* ViewController.swift */; };
		3B30059E2010417F001D4716 /* Assets.xcassets in Resources */ = {isa = PBXBuildFile; fileRef = 3B30059D2010417F001D4716 /* Assets.xcassets */; };
		3B3005A12010417F001D4716 /* Main.storyboard in Resources */ = {isa = PBXBuildFile; fileRef = 3B30059F2010417F001D4716 /* Main.storyboard */; };
		3B3005AD2010417F001D4716 /* MacDemoTests.swift in Sources */ = {isa = PBXBuildFile; fileRef = 3B3005AC2010417F001D4716 /* MacDemoTests.swift */; };
		3B3005B820104180001D4716 /* MacDemoUITests.swift in Sources */ = {isa = PBXBuildFile; fileRef = 3B3005B720104180001D4716 /* MacDemoUITests.swift */; };
		3BE51E002022B75C0015F0DC /* Preferences.swift in Sources */ = {isa = PBXBuildFile; fileRef = 3BE51DFF2022B75C0015F0DC /* Preferences.swift */; };
		3BEBBA0E20219BCF00CFB1F6 /* ding.mp3 in Resources */ = {isa = PBXBuildFile; fileRef = 3BEBBA0D20219BCF00CFB1F6 /* ding.mp3 */; };
		3BEBBA122021B42E00CFB1F6 /* PrefsViewController.swift in Sources */ = {isa = PBXBuildFile; fileRef = 3BEBBA112021B42E00CFB1F6 /* PrefsViewController.swift */; };
		3BEBBA172021BEF800CFB1F6 /* EggTimer.swift in Sources */ = {isa = PBXBuildFile; fileRef = 3BEBBA162021BEF800CFB1F6 /* EggTimer.swift */; };
/* End PBXBuildFile section */

/* Begin PBXContainerItemProxy section */
		3B3005A92010417F001D4716 /* PBXContainerItemProxy */ = {
			isa = PBXContainerItemProxy;
			containerPortal = 3B30058E2010417F001D4716 /* Project object */;
			proxyType = 1;
			remoteGlobalIDString = 3B3005952010417F001D4716;
			remoteInfo = MacDemo;
		};
		3B3005B420104180001D4716 /* PBXContainerItemProxy */ = {
			isa = PBXContainerItemProxy;
			containerPortal = 3B30058E2010417F001D4716 /* Project object */;
			proxyType = 1;
			remoteGlobalIDString = 3B3005952010417F001D4716;
			remoteInfo = MacDemo;
		};
/* End PBXContainerItemProxy section */

/* Begin PBXFileReference section */
		3B3005962010417F001D4716 /* MacDemo.app */ = {isa = PBXFileReference; explicitFileType = wrapper.application; includeInIndex = 0; path = MacDemo.app; sourceTree = BUILT_PRODUCTS_DIR; };
		3B3005992010417F001D4716 /* AppDelegate.swift */ = {isa = PBXFileReference; lastKnownFileType = sourcecode.swift; path = AppDelegate.swift; sourceTree = "<group>"; };
		3B30059B2010417F001D4716 /* ViewController.swift */ = {isa = PBXFileReference; lastKnownFileType = sourcecode.swift; path = ViewController.swift; sourceTree = "<group>"; };
		3B30059D2010417F001D4716 /* Assets.xcassets */ = {isa = PBXFileReference; lastKnownFileType = folder.assetcatalog; path = Assets.xcassets; sourceTree = "<group>"; };
		3B3005A02010417F001D4716 /* Base */ = {isa = PBXFileReference; lastKnownFileType = file.storyboard; name = Base; path = Base.lproj/Main.storyboard; sourceTree = "<group>"; };
		3B3005A22010417F001D4716 /* Info.plist */ = {isa = PBXFileReference; lastKnownFileType = text.plist.xml; path = Info.plist; sourceTree = "<group>"; };
		3B3005A32010417F001D4716 /* MacDemo.entitlements */ = {isa = PBXFileReference; lastKnownFileType = text.plist.entitlements; path = MacDemo.entitlements; sourceTree = "<group>"; };
		3B3005A82010417F001D4716 /* MacDemoTests.xctest */ = {isa = PBXFileReference; explicitFileType = wrapper.cfbundle; includeInIndex = 0; path = MacDemoTests.xctest; sourceTree = BUILT_PRODUCTS_DIR; };
		3B3005AC2010417F001D4716 /* MacDemoTests.swift */ = {isa = PBXFileReference; lastKnownFileType = sourcecode.swift; path = MacDemoTests.swift; sourceTree = "<group>"; };
		3B3005AE2010417F001D4716 /* Info.plist */ = {isa = PBXFileReference; lastKnownFileType = text.plist.xml; path = Info.plist; sourceTree = "<group>"; };
		3B3005B320104180001D4716 /* MacDemoUITests.xctest */ = {isa = PBXFileReference; explicitFileType = wrapper.cfbundle; includeInIndex = 0; path = MacDemoUITests.xctest; sourceTree = BUILT_PRODUCTS_DIR; };
		3B3005B720104180001D4716 /* MacDemoUITests.swift */ = {isa = PBXFileReference; lastKnownFileType = sourcecode.swift; path = MacDemoUITests.swift; sourceTree = "<group>"; };
		3B3005B920104180001D4716 /* Info.plist */ = {isa = PBXFileReference; lastKnownFileType = text.plist.xml; path = Info.plist; sourceTree = "<group>"; };
		3BE51DFF2022B75C0015F0DC /* Preferences.swift */ = {isa = PBXFileReference; lastKnownFileType = sourcecode.swift; path = Preferences.swift; sourceTree = "<group>"; };
		3BEBBA0D20219BCF00CFB1F6 /* ding.mp3 */ = {isa = PBXFileReference; lastKnownFileType = audio.mp3; path = ding.mp3; sourceTree = "<group>"; };
		3BEBBA112021B42E00CFB1F6 /* PrefsViewController.swift */ = {isa = PBXFileReference; lastKnownFileType = sourcecode.swift; path = PrefsViewController.swift; sourceTree = "<group>"; };
		3BEBBA162021BEF800CFB1F6 /* EggTimer.swift */ = {isa = PBXFileReference; lastKnownFileType = sourcecode.swift; path = EggTimer.swift; sourceTree = "<group>"; };
/* End PBXFileReference section */

/* Begin PBXFrameworksBuildPhase section */
		3B3005932010417F001D4716 /* Frameworks */ = {
			isa = PBXFrameworksBuildPhase;
			buildActionMask = 2147483647;
			files = (
			);
			runOnlyForDeploymentPostprocessing = 0;
		};
		3B3005A52010417F001D4716 /* Frameworks */ = {
			isa = PBXFrameworksBuildPhase;
			buildActionMask = 2147483647;
			files = (
			);
			runOnlyForDeploymentPostprocessing = 0;
		};
		3B3005B020104180001D4716 /* Frameworks */ = {
			isa = PBXFrameworksBuildPhase;
			buildActionMask = 2147483647;
			files = (
			);
			runOnlyForDeploymentPostprocessing = 0;
		};
/* End PBXFrameworksBuildPhase section */

/* Begin PBXGroup section */
		3B30058D2010417F001D4716 = {
			isa = PBXGroup;
			children = (
				3B3005982010417F001D4716 /* MacDemo */,
				3B3005AB2010417F001D4716 /* MacDemoTests */,
				3B3005B620104180001D4716 /* MacDemoUITests */,
				3B3005972010417F001D4716 /* Products */,
			);
			sourceTree = "<group>";
		};
		3B3005972010417F001D4716 /* Products */ = {
			isa = PBXGroup;
			children = (
				3B3005962010417F001D4716 /* MacDemo.app */,
				3B3005A82010417F001D4716 /* MacDemoTests.xctest */,
				3B3005B320104180001D4716 /* MacDemoUITests.xctest */,
			);
			name = Products;
			sourceTree = "<group>";
		};
		3B3005982010417F001D4716 /* MacDemo */ = {
			isa = PBXGroup;
			children = (
				3BEBBA0D20219BCF00CFB1F6 /* ding.mp3 */,
				3B3005992010417F001D4716 /* AppDelegate.swift */,
				3BEBBA132021BE3F00CFB1F6 /* View Controllers */,
				3BEBBA142021BE6600CFB1F6 /* Model */,
				3B30059D2010417F001D4716 /* Assets.xcassets */,
				3B30059F2010417F001D4716 /* Main.storyboard */,
				3B3005A22010417F001D4716 /* Info.plist */,
				3B3005A32010417F001D4716 /* MacDemo.entitlements */,
			);
			path = MacDemo;
			sourceTree = "<group>";
		};
		3B3005AB2010417F001D4716 /* MacDemoTests */ = {
			isa = PBXGroup;
			children = (
				3B3005AC2010417F001D4716 /* MacDemoTests.swift */,
				3B3005AE2010417F001D4716 /* Info.plist */,
			);
			path = MacDemoTests;
			sourceTree = "<group>";
		};
		3B3005B620104180001D4716 /* MacDemoUITests */ = {
			isa = PBXGroup;
			children = (
				3B3005B720104180001D4716 /* MacDemoUITests.swift */,
				3B3005B920104180001D4716 /* Info.plist */,
			);
			path = MacDemoUITests;
			sourceTree = "<group>";
		};
		3BEBBA132021BE3F00CFB1F6 /* View Controllers */ = {
			isa = PBXGroup;
			children = (
				3B30059B2010417F001D4716 /* ViewController.swift */,
				3BEBBA112021B42E00CFB1F6 /* PrefsViewController.swift */,
			);
			path = "View Controllers";
			sourceTree = "<group>";
		};
		3BEBBA142021BE6600CFB1F6 /* Model */ = {
			isa = PBXGroup;
			children = (
				3BEBBA162021BEF800CFB1F6 /* EggTimer.swift */,
				3BE51DFF2022B75C0015F0DC /* Preferences.swift */,
			);
			path = Model;
			sourceTree = "<group>";
		};
/* End PBXGroup section */

/* Begin PBXNativeTarget section */
		3B3005952010417F001D4716 /* MacDemo */ = {
			isa = PBXNativeTarget;
			buildConfigurationList = 3B3005BC20104180001D4716 /* Build configuration list for PBXNativeTarget "MacDemo" */;
			buildPhases = (
				3B3005922010417F001D4716 /* Sources */,
				3B3005932010417F001D4716 /* Frameworks */,
				3B3005942010417F001D4716 /* Resources */,
			);
			buildRules = (
			);
			dependencies = (
			);
			name = MacDemo;
			productName = MacDemo;
			productReference = 3B3005962010417F001D4716 /* MacDemo.app */;
			productType = "com.apple.product-type.application";
		};
		3B3005A72010417F001D4716 /* MacDemoTests */ = {
			isa = PBXNativeTarget;
			buildConfigurationList = 3B3005BF20104180001D4716 /* Build configuration list for PBXNativeTarget "MacDemoTests" */;
			buildPhases = (
				3B3005A42010417F001D4716 /* Sources */,
				3B3005A52010417F001D4716 /* Frameworks */,
				3B3005A62010417F001D4716 /* Resources */,
			);
			buildRules = (
			);
			dependencies = (
				3B3005AA2010417F001D4716 /* PBXTargetDependency */,
			);
			name = MacDemoTests;
			productName = MacDemoTests;
			productReference = 3B3005A82010417F001D4716 /* MacDemoTests.xctest */;
			productType = "com.apple.product-type.bundle.unit-test";
		};
		3B3005B220104180001D4716 /* MacDemoUITests */ = {
			isa = PBXNativeTarget;
			buildConfigurationList = 3B3005C220104180001D4716 /* Build configuration list for PBXNativeTarget "MacDemoUITests" */;
			buildPhases = (
				3B3005AF20104180001D4716 /* Sources */,
				3B3005B020104180001D4716 /* Frameworks */,
				3B3005B120104180001D4716 /* Resources */,
			);
			buildRules = (
			);
			dependencies = (
				3B3005B520104180001D4716 /* PBXTargetDependency */,
			);
			name = MacDemoUITests;
			productName = MacDemoUITests;
			productReference = 3B3005B320104180001D4716 /* MacDemoUITests.xctest */;
			productType = "com.apple.product-type.bundle.ui-testing";
		};
/* End PBXNativeTarget section */

/* Begin PBXProject section */
		3B30058E2010417F001D4716 /* Project object */ = {
			isa = PBXProject;
			attributes = {
				LastSwiftUpdateCheck = 0920;
				LastUpgradeCheck = 0920;
				ORGANIZATIONNAME = ZR;
				TargetAttributes = {
					3B3005952010417F001D4716 = {
						CreatedOnToolsVersion = 9.2;
						ProvisioningStyle = Automatic;
					};
					3B3005A72010417F001D4716 = {
						CreatedOnToolsVersion = 9.2;
						ProvisioningStyle = Automatic;
						TestTargetID = 3B3005952010417F001D4716;
					};
					3B3005B220104180001D4716 = {
						CreatedOnToolsVersion = 9.2;
						ProvisioningStyle = Automatic;
						TestTargetID = 3B3005952010417F001D4716;
					};
				};
			};
			buildConfigurationList = 3B3005912010417F001D4716 /* Build configuration list for PBXProject "MacDemo" */;
			compatibilityVersion = "Xcode 8.0";
			developmentRegion = en;
			hasScannedForEncodings = 0;
			knownRegions = (
				en,
				Base,
			);
			mainGroup = 3B30058D2010417F001D4716;
			productRefGroup = 3B3005972010417F001D4716 /* Products */;
			projectDirPath = "";
			projectRoot = "";
			targets = (
				3B3005952010417F001D4716 /* MacDemo */,
				3B3005A72010417F001D4716 /* MacDemoTests */,
				3B3005B220104180001D4716 /* MacDemoUITests */,
			);
		};
/* End PBXProject section */

/* Begin PBXResourcesBuildPhase section */
		3B3005942010417F001D4716 /* Resources */ = {
			isa = PBXResourcesBuildPhase;
			buildActionMask = 2147483647;
			files = (
				3B30059E2010417F001D4716 /* Assets.xcassets in Resources */,
				3B3005A12010417F001D4716 /* Main.storyboard in Resources */,
				3BEBBA0E20219BCF00CFB1F6 /* ding.mp3 in Resources */,
			);
			runOnlyForDeploymentPostprocessing = 0;
		};
		3B3005A62010417F001D4716 /* Resources */ = {
			isa = PBXResourcesBuildPhase;
			buildActionMask = 2147483647;
			files = (
			);
			runOnlyForDeploymentPostprocessing = 0;
		};
		3B3005B120104180001D4716 /* Resources */ = {
			isa = PBXResourcesBuildPhase;
			buildActionMask = 2147483647;
			files = (
			);
			runOnlyForDeploymentPostprocessing = 0;
		};
/* End PBXResourcesBuildPhase section */

/* Begin PBXSourcesBuildPhase section */
		3B3005922010417F001D4716 /* Sources */ = {
			isa = PBXSourcesBuildPhase;
			buildActionMask = 2147483647;
			files = (
				3B30059C2010417F001D4716 /* ViewController.swift in Sources */,
				3BEBBA172021BEF800CFB1F6 /* EggTimer.swift in Sources */,
				3BE51E002022B75C0015F0DC /* Preferences.swift in Sources */,
				3BEBBA122021B42E00CFB1F6 /* PrefsViewController.swift in Sources */,
				3B30059A2010417F001D4716 /* AppDelegate.swift in Sources */,
			);
			runOnlyForDeploymentPostprocessing = 0;
		};
		3B3005A42010417F001D4716 /* Sources */ = {
			isa = PBXSourcesBuildPhase;
			buildActionMask = 2147483647;
			files = (
				3B3005AD2010417F001D4716 /* MacDemoTests.swift in Sources */,
			);
			runOnlyForDeploymentPostprocessing = 0;
		};
		3B3005AF20104180001D4716 /* Sources */ = {
			isa = PBXSourcesBuildPhase;
			buildActionMask = 2147483647;
			files = (
				3B3005B820104180001D4716 /* MacDemoUITests.swift in Sources */,
			);
			runOnlyForDeploymentPostprocessing = 0;
		};
/* End PBXSourcesBuildPhase section */

/* Begin PBXTargetDependency section */
		3B3005AA2010417F001D4716 /* PBXTargetDependency */ = {
			isa = PBXTargetDependency;
			target = 3B3005952010417F001D4716 /* MacDemo */;
			targetProxy = 3B3005A92010417F001D4716 /* PBXContainerItemProxy */;
		};
		3B3005B520104180001D4716 /* PBXTargetDependency */ = {
			isa = PBXTargetDependency;
			target = 3B3005952010417F001D4716 /* MacDemo */;
			targetProxy = 3B3005B420104180001D4716 /* PBXContainerItemProxy */;
		};
/* End PBXTargetDependency section */

/* Begin PBXVariantGroup section */
		3B30059F2010417F001D4716 /* Main.storyboard */ = {
			isa = PBXVariantGroup;
			children = (
				3B3005A02010417F001D4716 /* Base */,
			);
			name = Main.storyboard;
			sourceTree = "<group>";
		};
/* End PBXVariantGroup section */

/* Begin XCBuildConfiguration section */
		3B3005BA20104180001D4716 /* Debug */ = {
			isa = XCBuildConfiguration;
			buildSettings = {
				ALWAYS_SEARCH_USER_PATHS = NO;
				CLANG_ANALYZER_NONNULL = YES;
				CLANG_ANALYZER_NUMBER_OBJECT_CONVERSION = YES_AGGRESSIVE;
				CLANG_CXX_LANGUAGE_STANDARD = "gnu++14";
				CLANG_CXX_LIBRARY = "libc++";
				CLANG_ENABLE_MODULES = YES;
				CLANG_ENABLE_OBJC_ARC = YES;
				CLANG_WARN_BLOCK_CAPTURE_AUTORELEASING = YES;
				CLANG_WARN_BOOL_CONVERSION = YES;
				CLANG_WARN_COMMA = YES;
				CLANG_WARN_CONSTANT_CONVERSION = YES;
				CLANG_WARN_DIRECT_OBJC_ISA_USAGE = YES_ERROR;
				CLANG_WARN_DOCUMENTATION_COMMENTS = YES;
				CLANG_WARN_EMPTY_BODY = YES;
				CLANG_WARN_ENUM_CONVERSION = YES;
				CLANG_WARN_INFINITE_RECURSION = YES;
				CLANG_WARN_INT_CONVERSION = YES;
				CLANG_WARN_NON_LITERAL_NULL_CONVERSION = YES;
				CLANG_WARN_OBJC_LITERAL_CONVERSION = YES;
				CLANG_WARN_OBJC_ROOT_CLASS = YES_ERROR;
				CLANG_WARN_RANGE_LOOP_ANALYSIS = YES;
				CLANG_WARN_STRICT_PROTOTYPES = YES;
				CLANG_WARN_SUSPICIOUS_MOVE = YES;
				CLANG_WARN_UNGUARDED_AVAILABILITY = YES_AGGRESSIVE;
				CLANG_WARN_UNREACHABLE_CODE = YES;
				CLANG_WARN__DUPLICATE_METHOD_MATCH = YES;
				CODE_SIGN_IDENTITY = "-";
				COPY_PHASE_STRIP = NO;
				DEBUG_INFORMATION_FORMAT = dwarf;
				ENABLE_STRICT_OBJC_MSGSEND = YES;
				ENABLE_TESTABILITY = YES;
				GCC_C_LANGUAGE_STANDARD = gnu11;
				GCC_DYNAMIC_NO_PIC = NO;
				GCC_NO_COMMON_BLOCKS = YES;
				GCC_OPTIMIZATION_LEVEL = 0;
				GCC_PREPROCESSOR_DEFINITIONS = (
					"DEBUG=1",
					"$(inherited)",
				);
				GCC_WARN_64_TO_32_BIT_CONVERSION = YES;
				GCC_WARN_ABOUT_RETURN_TYPE = YES_ERROR;
				GCC_WARN_UNDECLARED_SELECTOR = YES;
				GCC_WARN_UNINITIALIZED_AUTOS = YES_AGGRESSIVE;
				GCC_WARN_UNUSED_FUNCTION = YES;
				GCC_WARN_UNUSED_VARIABLE = YES;
				MACOSX_DEPLOYMENT_TARGET = 10.13;
				MTL_ENABLE_DEBUG_INFO = YES;
				ONLY_ACTIVE_ARCH = YES;
				SDKROOT = macosx;
				SWIFT_ACTIVE_COMPILATION_CONDITIONS = DEBUG;
				SWIFT_OPTIMIZATION_LEVEL = "-Onone";
			};
			name = Debug;
		};
		3B3005BB20104180001D4716 /* Release */ = {
			isa = XCBuildConfiguration;
			buildSettings = {
				ALWAYS_SEARCH_USER_PATHS = NO;
				CLANG_ANALYZER_NONNULL = YES;
				CLANG_ANALYZER_NUMBER_OBJECT_CONVERSION = YES_AGGRESSIVE;
				CLANG_CXX_LANGUAGE_STANDARD = "gnu++14";
				CLANG_CXX_LIBRARY = "libc++";
				CLANG_ENABLE_MODULES = YES;
				CLANG_ENABLE_OBJC_ARC = YES;
				CLANG_WARN_BLOCK_CAPTURE_AUTORELEASING = YES;
				CLANG_WARN_BOOL_CONVERSION = YES;
				CLANG_WARN_COMMA = YES;
				CLANG_WARN_CONSTANT_CONVERSION = YES;
				CLANG_WARN_DIRECT_OBJC_ISA_USAGE = YES_ERROR;
				CLANG_WARN_DOCUMENTATION_COMMENTS = YES;
				CLANG_WARN_EMPTY_BODY = YES;
				CLANG_WARN_ENUM_CONVERSION = YES;
				CLANG_WARN_INFINITE_RECURSION = YES;
				CLANG_WARN_INT_CONVERSION = YES;
				CLANG_WARN_NON_LITERAL_NULL_CONVERSION = YES;
				CLANG_WARN_OBJC_LITERAL_CONVERSION = YES;
				CLANG_WARN_OBJC_ROOT_CLASS = YES_ERROR;
				CLANG_WARN_RANGE_LOOP_ANALYSIS = YES;
				CLANG_WARN_STRICT_PROTOTYPES = YES;
				CLANG_WARN_SUSPICIOUS_MOVE = YES;
				CLANG_WARN_UNGUARDED_AVAILABILITY = YES_AGGRESSIVE;
				CLANG_WARN_UNREACHABLE_CODE = YES;
				CLANG_WARN__DUPLICATE_METHOD_MATCH = YES;
				CODE_SIGN_IDENTITY = "-";
				COPY_PHASE_STRIP = NO;
				DEBUG_INFORMATION_FORMAT = "dwarf-with-dsym";
				ENABLE_NS_ASSERTIONS = NO;
				ENABLE_STRICT_OBJC_MSGSEND = YES;
				GCC_C_LANGUAGE_STANDARD = gnu11;
				GCC_NO_COMMON_BLOCKS = YES;
				GCC_WARN_64_TO_32_BIT_CONVERSION = YES;
				GCC_WARN_ABOUT_RETURN_TYPE = YES_ERROR;
				GCC_WARN_UNDECLARED_SELECTOR = YES;
				GCC_WARN_UNINITIALIZED_AUTOS = YES_AGGRESSIVE;
				GCC_WARN_UNUSED_FUNCTION = YES;
				GCC_WARN_UNUSED_VARIABLE = YES;
				MACOSX_DEPLOYMENT_TARGET = 10.13;
				MTL_ENABLE_DEBUG_INFO = NO;
				SDKROOT = macosx;
				SWIFT_OPTIMIZATION_LEVEL = "-Owholemodule";
			};
			name = Release;
		};
		3B3005BD20104180001D4716 /* Debug */ = {
			isa = XCBuildConfiguration;
			buildSettings = {
				ASSETCATALOG_COMPILER_APPICON_NAME = AppIcon;
				CODE_SIGN_ENTITLEMENTS = MacDemo/MacDemo.entitlements;
				CODE_SIGN_STYLE = Automatic;
				COMBINE_HIDPI_IMAGES = YES;
				INFOPLIST_FILE = MacDemo/Info.plist;
				LD_RUNPATH_SEARCH_PATHS = "$(inherited) @executable_path/../Frameworks";
				PRODUCT_BUNDLE_IDENTIFIER = ZRR.MacDemo;
				PRODUCT_NAME = "$(TARGET_NAME)";
				SWIFT_VERSION = 4.0;
			};
			name = Debug;
		};
		3B3005BE20104180001D4716 /* Release */ = {
			isa = XCBuildConfiguration;
			buildSettings = {
				ASSETCATALOG_COMPILER_APPICON_NAME = AppIcon;
				CODE_SIGN_ENTITLEMENTS = MacDemo/MacDemo.entitlements;
				CODE_SIGN_STYLE = Automatic;
				COMBINE_HIDPI_IMAGES = YES;
				INFOPLIST_FILE = MacDemo/Info.plist;
				LD_RUNPATH_SEARCH_PATHS = "$(inherited) @executable_path/../Frameworks";
				PRODUCT_BUNDLE_IDENTIFIER = ZRR.MacDemo;
				PRODUCT_NAME = "$(TARGET_NAME)";
				SWIFT_VERSION = 4.0;
			};
			name = Release;
		};
		3B3005C020104180001D4716 /* Debug */ = {
			isa = XCBuildConfiguration;
			buildSettings = {
				ALWAYS_EMBED_SWIFT_STANDARD_LIBRARIES = YES;
				BUNDLE_LOADER = "$(TEST_HOST)";
				CODE_SIGN_STYLE = Automatic;
				COMBINE_HIDPI_IMAGES = YES;
				INFOPLIST_FILE = MacDemoTests/Info.plist;
				LD_RUNPATH_SEARCH_PATHS = "$(inherited) @executable_path/../Frameworks @loader_path/../Frameworks";
				PRODUCT_BUNDLE_IDENTIFIER = ZRR.MacDemoTests;
				PRODUCT_NAME = "$(TARGET_NAME)";
				SWIFT_VERSION = 4.0;
				TEST_HOST = "$(BUILT_PRODUCTS_DIR)/MacDemo.app/Contents/MacOS/MacDemo";
			};
			name = Debug;
		};
		3B3005C120104180001D4716 /* Release */ = {
			isa = XCBuildConfiguration;
			buildSettings = {
				ALWAYS_EMBED_SWIFT_STANDARD_LIBRARIES = YES;
				BUNDLE_LOADER = "$(TEST_HOST)";
				CODE_SIGN_STYLE = Automatic;
				COMBINE_HIDPI_IMAGES = YES;
				INFOPLIST_FILE = MacDemoTests/Info.plist;
				LD_RUNPATH_SEARCH_PATHS = "$(inherited) @executable_path/../Frameworks @loader_path/../Frameworks";
				PRODUCT_BUNDLE_IDENTIFIER = ZRR.MacDemoTests;
				PRODUCT_NAME = "$(TARGET_NAME)";
				SWIFT_VERSION = 4.0;
				TEST_HOST = "$(BUILT_PRODUCTS_DIR)/MacDemo.app/Contents/MacOS/MacDemo";
			};
			name = Release;
		};
		3B3005C320104180001D4716 /* Debug */ = {
			isa = XCBuildConfiguration;
			buildSettings = {
				ALWAYS_EMBED_SWIFT_STANDARD_LIBRARIES = YES;
				CODE_SIGN_STYLE = Automatic;
				COMBINE_HIDPI_IMAGES = YES;
				INFOPLIST_FILE = MacDemoUITests/Info.plist;
				LD_RUNPATH_SEARCH_PATHS = "$(inherited) @executable_path/../Frameworks @loader_path/../Frameworks";
				PRODUCT_BUNDLE_IDENTIFIER = ZRR.MacDemoUITests;
				PRODUCT_NAME = "$(TARGET_NAME)";
				SWIFT_VERSION = 4.0;
				TEST_TARGET_NAME = MacDemo;
			};
			name = Debug;
		};
		3B3005C420104180001D4716 /* Release */ = {
			isa = XCBuildConfiguration;
			buildSettings = {
				ALWAYS_EMBED_SWIFT_STANDARD_LIBRARIES = YES;
				CODE_SIGN_STYLE = Automatic;
				COMBINE_HIDPI_IMAGES = YES;
				INFOPLIST_FILE = MacDemoUITests/Info.plist;
				LD_RUNPATH_SEARCH_PATHS = "$(inherited) @executable_path/../Frameworks @loader_path/../Frameworks";
				PRODUCT_BUNDLE_IDENTIFIER = ZRR.MacDemoUITests;
				PRODUCT_NAME = "$(TARGET_NAME)";
				SWIFT_VERSION = 4.0;
				TEST_TARGET_NAME = MacDemo;
			};
			name = Release;
		};
/* End XCBuildConfiguration section */

/* Begin XCConfigurationList section */
		3B3005912010417F001D4716 /* Build configuration list for PBXProject "MacDemo" */ = {
			isa = XCConfigurationList;
			buildConfigurations = (
				3B3005BA20104180001D4716 /* Debug */,
				3B3005BB20104180001D4716 /* Release */,
			);
			defaultConfigurationIsVisible = 0;
			defaultConfigurationName = Release;
		};
		3B3005BC20104180001D4716 /* Build configuration list for PBXNativeTarget "MacDemo" */ = {
			isa = XCConfigurationList;
			buildConfigurations = (
				3B3005BD20104180001D4716 /* Debug */,
				3B3005BE20104180001D4716 /* Release */,
			);
			defaultConfigurationIsVisible = 0;
			defaultConfigurationName = Release;
		};
		3B3005BF20104180001D4716 /* Build configuration list for PBXNativeTarget "MacDemoTests" */ = {
			isa = XCConfigurationList;
			buildConfigurations = (
				3B3005C020104180001D4716 /* Debug */,
				3B3005C120104180001D4716 /* Release */,
			);
			defaultConfigurationIsVisible = 0;
			defaultConfigurationName = Release;
		};
		3B3005C220104180001D4716 /* Build configuration list for PBXNativeTarget "MacDemoUITests" */ = {
			isa = XCConfigurationList;
			buildConfigurations = (
				3B3005C320104180001D4716 /* Debug */,
				3B3005C420104180001D4716 /* Release */,
			);
			defaultConfigurationIsVisible = 0;
			defaultConfigurationName = Release;
		};
/* End XCConfigurationList section */
	};
	rootObject = 3B30058E2010417F001D4716 /* Project object */;
}
